
Microsoft Visual Studio Solution File, Format Version 12.00
# Visual Studio Version 17
VisualStudioVersion = 17.12.35514.174
MinimumVisualStudioVersion = 10.0.40219.1
Project("{FAE04EC0-301F-11D3-BF4B-00C04F79EFBC}") = "API", "src\Presentation\API\API.csproj", "{023BA39E-CB5E-4D39-84D3-386879D81673}"
EndProject
Project("{FAE04EC0-301F-11D3-BF4B-00C04F79EFBC}") = "Domain", "src\core\Domain\Domain.csproj", "{B8A0F7FB-31B2-4D11-855D-8E7D9B4C53C2}"
EndProject
Project("{FAE04EC0-301F-11D3-BF4B-00C04F79EFBC}") = "Application", "src\core\Application\Application.csproj", "{8164D482-1037-447E-8E1B-B05EACB329E3}"
EndProject
Project("{FAE04EC0-301F-11D3-BF4B-00C04F79EFBC}") = "Shared", "src\core\Shared\Shared.csproj", "{2EA2FFE9-A861-42DA-86E2-7BFA29A02998}"
EndProject
Project("{FAE04EC0-301F-11D3-BF4B-00C04F79EFBC}") = "Configuration", "src\Infrastructure\Infrastructure.Configuration\Configuration.csproj", "{0C685BC7-6C5E-410E-9A38-F11D46D6252B}"
EndProject
Project("{FAE04EC0-301F-11D3-BF4B-00C04F79EFBC}") = "MemCache", "src\Infrastructure\Infrastructure.MemCache\MemCache.csproj", "{45A6672C-5A54-48A1-BC9F-0B9170A2EE24}"
EndProject
Project("{FAE04EC0-301F-11D3-BF4B-00C04F79EFBC}") = "LogsInformation", "src\Infrastructure\Infrastructure.LogsInformation\LogsInformation.csproj", "{10A7E074-10BE-4E23-9AAB-95EEF4B99EB0}"
EndProject
Project("{FAE04EC0-301F-11D3-BF4B-00C04F79EFBC}") = "CouchDb", "src\Infrastructure\Infrastructure.CouchDb\CouchDb.csproj", "{F4AB0965-F4BD-4D2D-92C6-AD9C6CC50347}"
EndProject
Project("{FAE04EC0-301F-11D3-BF4B-00C04F79EFBC}") = "Exchange", "src\Infrastructure\Infrastructure.Exchange\Exchange.csproj", "{8C1FC2CE-CDF5-4B36-9FE5-5E43729571FE}"
EndProject
Project("{930C7802-8A8C-48F9-8165-68863BCCD9DD}") = "Setup", "Setup\Setup.wixproj", "{DB7C82A1-FD57-40EF-9E6B-392063F565D0}"
EndProject
Project("{2150E333-8FDC-42A3-9474-1A3956D46DE8}") = "src", "src", "{213267CE-19CA-4786-AD95-2B4F078D05A1}"
EndProject
Project("{2150E333-8FDC-42A3-9474-1A3956D46DE8}") = "core", "core", "{2B326DA8-E56C-4F7A-AEB3-F64BEDF654A8}"
EndProject
Project("{2150E333-8FDC-42A3-9474-1A3956D46DE8}") = "presentation", "presentation", "{6668155D-13F4-4254-90CE-BA53E1F372EC}"
EndProject
Project("{2150E333-8FDC-42A3-9474-1A3956D46DE8}") = "infrastructure", "infrastructure", "{A085CAFD-F060-421D-8895-6EA9CEB3C984}"
EndProject
Global
	GlobalSection(SolutionConfigurationPlatforms) = preSolution
		Debug|Any CPU = Debug|Any CPU
		Debug|x86 = Debug|x86
		Release|Any CPU = Release|Any CPU
		Release|x86 = Release|x86
	EndGlobalSection
	GlobalSection(ProjectConfigurationPlatforms) = postSolution
		{023BA39E-CB5E-4D39-84D3-386879D81673}.Debug|Any CPU.ActiveCfg = Debug|Any CPU
		{023BA39E-CB5E-4D39-84D3-386879D81673}.Debug|Any CPU.Build.0 = Debug|Any CPU
		{023BA39E-CB5E-4D39-84D3-386879D81673}.Debug|x86.ActiveCfg = Debug|Any CPU
		{023BA39E-CB5E-4D39-84D3-386879D81673}.Debug|x86.Build.0 = Debug|Any CPU
		{023BA39E-CB5E-4D39-84D3-386879D81673}.Release|Any CPU.ActiveCfg = Release|Any CPU
		{023BA39E-CB5E-4D39-84D3-386879D81673}.Release|Any CPU.Build.0 = Release|Any CPU
		{023BA39E-CB5E-4D39-84D3-386879D81673}.Release|x86.ActiveCfg = Release|Any CPU
		{023BA39E-CB5E-4D39-84D3-386879D81673}.Release|x86.Build.0 = Release|Any CPU
		{B8A0F7FB-31B2-4D11-855D-8E7D9B4C53C2}.Debug|Any CPU.ActiveCfg = Debug|Any CPU
		{B8A0F7FB-31B2-4D11-855D-8E7D9B4C53C2}.Debug|Any CPU.Build.0 = Debug|Any CPU
		{B8A0F7FB-31B2-4D11-855D-8E7D9B4C53C2}.Debug|x86.ActiveCfg = Debug|Any CPU
		{B8A0F7FB-31B2-4D11-855D-8E7D9B4C53C2}.Debug|x86.Build.0 = Debug|Any CPU
		{B8A0F7FB-31B2-4D11-855D-8E7D9B4C53C2}.Release|Any CPU.ActiveCfg = Release|Any CPU
		{B8A0F7FB-31B2-4D11-855D-8E7D9B4C53C2}.Release|Any CPU.Build.0 = Release|Any CPU
		{B8A0F7FB-31B2-4D11-855D-8E7D9B4C53C2}.Release|x86.ActiveCfg = Release|Any CPU
		{B8A0F7FB-31B2-4D11-855D-8E7D9B4C53C2}.Release|x86.Build.0 = Release|Any CPU
		{8164D482-1037-447E-8E1B-B05EACB329E3}.Debug|Any CPU.ActiveCfg = Debug|Any CPU
		{8164D482-1037-447E-8E1B-B05EACB329E3}.Debug|Any CPU.Build.0 = Debug|Any CPU
		{8164D482-1037-447E-8E1B-B05EACB329E3}.Debug|x86.ActiveCfg = Debug|Any CPU
		{8164D482-1037-447E-8E1B-B05EACB329E3}.Debug|x86.Build.0 = Debug|Any CPU
		{8164D482-1037-447E-8E1B-B05EACB329E3}.Release|Any CPU.ActiveCfg = Release|Any CPU
		{8164D482-1037-447E-8E1B-B05EACB329E3}.Release|Any CPU.Build.0 = Release|Any CPU
		{8164D482-1037-447E-8E1B-B05EACB329E3}.Release|x86.ActiveCfg = Release|Any CPU
		{8164D482-1037-447E-8E1B-B05EACB329E3}.Release|x86.Build.0 = Release|Any CPU
		{2EA2FFE9-A861-42DA-86E2-7BFA29A02998}.Debug|Any CPU.ActiveCfg = Debug|Any CPU
		{2EA2FFE9-A861-42DA-86E2-7BFA29A02998}.Debug|Any CPU.Build.0 = Debug|Any CPU
		{2EA2FFE9-A861-42DA-86E2-7BFA29A02998}.Debug|x86.ActiveCfg = Debug|Any CPU
		{2EA2FFE9-A861-42DA-86E2-7BFA29A02998}.Debug|x86.Build.0 = Debug|Any CPU
		{2EA2FFE9-A861-42DA-86E2-7BFA29A02998}.Release|Any CPU.ActiveCfg = Release|Any CPU
		{2EA2FFE9-A861-42DA-86E2-7BFA29A02998}.Release|Any CPU.Build.0 = Release|Any CPU
		{2EA2FFE9-A861-42DA-86E2-7BFA29A02998}.Release|x86.ActiveCfg = Release|Any CPU
		{2EA2FFE9-A861-42DA-86E2-7BFA29A02998}.Release|x86.Build.0 = Release|Any CPU
		{0C685BC7-6C5E-410E-9A38-F11D46D6252B}.Debug|Any CPU.ActiveCfg = Debug|Any CPU
		{0C685BC7-6C5E-410E-9A38-F11D46D6252B}.Debug|Any CPU.Build.0 = Debug|Any CPU
		{0C685BC7-6C5E-410E-9A38-F11D46D6252B}.Debug|x86.ActiveCfg = Debug|Any CPU
		{0C685BC7-6C5E-410E-9A38-F11D46D6252B}.Debug|x86.Build.0 = Debug|Any CPU
		{0C685BC7-6C5E-410E-9A38-F11D46D6252B}.Release|Any CPU.ActiveCfg = Release|Any CPU
		{0C685BC7-6C5E-410E-9A38-F11D46D6252B}.Release|Any CPU.Build.0 = Release|Any CPU
		{0C685BC7-6C5E-410E-9A38-F11D46D6252B}.Release|x86.ActiveCfg = Release|Any CPU
		{0C685BC7-6C5E-410E-9A38-F11D46D6252B}.Release|x86.Build.0 = Release|Any CPU
		{45A6672C-5A54-48A1-BC9F-0B9170A2EE24}.Debug|Any CPU.ActiveCfg = Debug|Any CPU
		{45A6672C-5A54-48A1-BC9F-0B9170A2EE24}.Debug|Any CPU.Build.0 = Debug|Any CPU
		{45A6672C-5A54-48A1-BC9F-0B9170A2EE24}.Debug|x86.ActiveCfg = Debug|Any CPU
		{45A6672C-5A54-48A1-BC9F-0B9170A2EE24}.Debug|x86.Build.0 = Debug|Any CPU
		{45A6672C-5A54-48A1-BC9F-0B9170A2EE24}.Release|Any CPU.ActiveCfg = Release|Any CPU
		{45A6672C-5A54-48A1-BC9F-0B9170A2EE24}.Release|Any CPU.Build.0 = Release|Any CPU
		{45A6672C-5A54-48A1-BC9F-0B9170A2EE24}.Release|x86.ActiveCfg = Release|Any CPU
		{45A6672C-5A54-48A1-BC9F-0B9170A2EE24}.Release|x86.Build.0 = Release|Any CPU
		{10A7E074-10BE-4E23-9AAB-95EEF4B99EB0}.Debug|Any CPU.ActiveCfg = Debug|Any CPU
		{10A7E074-10BE-4E23-9AAB-95EEF4B99EB0}.Debug|Any CPU.Build.0 = Debug|Any CPU
		{10A7E074-10BE-4E23-9AAB-95EEF4B99EB0}.Debug|x86.ActiveCfg = Debug|Any CPU
		{10A7E074-10BE-4E23-9AAB-95EEF4B99EB0}.Debug|x86.Build.0 = Debug|Any CPU
		{10A7E074-10BE-4E23-9AAB-95EEF4B99EB0}.Release|Any CPU.ActiveCfg = Release|Any CPU
		{10A7E074-10BE-4E23-9AAB-95EEF4B99EB0}.Release|Any CPU.Build.0 = Release|Any CPU
		{10A7E074-10BE-4E23-9AAB-95EEF4B99EB0}.Release|x86.ActiveCfg = Release|Any CPU
		{10A7E074-10BE-4E23-9AAB-95EEF4B99EB0}.Release|x86.Build.0 = Release|Any CPU
		{F4AB0965-F4BD-4D2D-92C6-AD9C6CC50347}.Debug|Any CPU.ActiveCfg = Debug|Any CPU
		{F4AB0965-F4BD-4D2D-92C6-AD9C6CC50347}.Debug|Any CPU.Build.0 = Debug|Any CPU
		{F4AB0965-F4BD-4D2D-92C6-AD9C6CC50347}.Debug|x86.ActiveCfg = Debug|Any CPU
		{F4AB0965-F4BD-4D2D-92C6-AD9C6CC50347}.Debug|x86.Build.0 = Debug|Any CPU
		{F4AB0965-F4BD-4D2D-92C6-AD9C6CC50347}.Release|Any CPU.ActiveCfg = Release|Any CPU
		{F4AB0965-F4BD-4D2D-92C6-AD9C6CC50347}.Release|Any CPU.Build.0 = Release|Any CPU
		{F4AB0965-F4BD-4D2D-92C6-AD9C6CC50347}.Release|x86.ActiveCfg = Release|Any CPU
		{F4AB0965-F4BD-4D2D-92C6-AD9C6CC50347}.Release|x86.Build.0 = Release|Any CPU
		{8C1FC2CE-CDF5-4B36-9FE5-5E43729571FE}.Debug|Any CPU.ActiveCfg = Debug|Any CPU
		{8C1FC2CE-CDF5-4B36-9FE5-5E43729571FE}.Debug|Any CPU.Build.0 = Debug|Any CPU
		{8C1FC2CE-CDF5-4B36-9FE5-5E43729571FE}.Debug|x86.ActiveCfg = Debug|Any CPU
		{8C1FC2CE-CDF5-4B36-9FE5-5E43729571FE}.Debug|x86.Build.0 = Debug|Any CPU
		{8C1FC2CE-CDF5-4B36-9FE5-5E43729571FE}.Release|Any CPU.ActiveCfg = Release|Any CPU
		{8C1FC2CE-CDF5-4B36-9FE5-5E43729571FE}.Release|Any CPU.Build.0 = Release|Any CPU
		{8C1FC2CE-CDF5-4B36-9FE5-5E43729571FE}.Release|x86.ActiveCfg = Release|Any CPU
		{8C1FC2CE-CDF5-4B36-9FE5-5E43729571FE}.Release|x86.Build.0 = Release|Any CPU
		{DB7C82A1-FD57-40EF-9E6B-392063F565D0}.Debug|Any CPU.ActiveCfg = Debug|x86
		{DB7C82A1-FD57-40EF-9E6B-392063F565D0}.Debug|Any CPU.Build.0 = Debug|x86
		{DB7C82A1-FD57-40EF-9E6B-392063F565D0}.Debug|x86.ActiveCfg = Debug|x86
		{DB7C82A1-FD57-40EF-9E6B-392063F565D0}.Debug|x86.Build.0 = Debug|x86
		{DB7C82A1-FD57-40EF-9E6B-392063F565D0}.Release|Any CPU.ActiveCfg = Release|x86
		{DB7C82A1-FD57-40EF-9E6B-392063F565D0}.Release|Any CPU.Build.0 = Release|x86
		{DB7C82A1-FD57-40EF-9E6B-392063F565D0}.Release|x86.ActiveCfg = Release|x86
		{DB7C82A1-FD57-40EF-9E6B-392063F565D0}.Release|x86.Build.0 = Release|x86
	EndGlobalSection
	GlobalSection(SolutionProperties) = preSolution
		HideSolutionNode = FALSE
	EndGlobalSection
	GlobalSection(NestedProjects) = preSolution
		{023BA39E-CB5E-4D39-84D3-386879D81673} = {6668155D-13F4-4254-90CE-BA53E1F372EC}
		{B8A0F7FB-31B2-4D11-855D-8E7D9B4C53C2} = {2B326DA8-E56C-4F7A-AEB3-F64BEDF654A8}
		{8164D482-1037-447E-8E1B-B05EACB329E3} = {2B326DA8-E56C-4F7A-AEB3-F64BEDF654A8}
		{2EA2FFE9-A861-42DA-86E2-7BFA29A02998} = {2B326DA8-E56C-4F7A-AEB3-F64BEDF654A8}
		{0C685BC7-6C5E-410E-9A38-F11D46D6252B} = {A085CAFD-F060-421D-8895-6EA9CEB3C984}
		{45A6672C-5A54-48A1-BC9F-0B9170A2EE24} = {A085CAFD-F060-421D-8895-6EA9CEB3C984}
		{10A7E074-10BE-4E23-9AAB-95EEF4B99EB0} = {A085CAFD-F060-421D-8895-6EA9CEB3C984}
		{F4AB0965-F4BD-4D2D-92C6-AD9C6CC50347} = {A085CAFD-F060-421D-8895-6EA9CEB3C984}
		{8C1FC2CE-CDF5-4B36-9FE5-5E43729571FE} = {A085CAFD-F060-421D-8895-6EA9CEB3C984}
		{2B326DA8-E56C-4F7A-AEB3-F64BEDF654A8} = {213267CE-19CA-4786-AD95-2B4F078D05A1}
		{6668155D-13F4-4254-90CE-BA53E1F372EC} = {213267CE-19CA-4786-AD95-2B4F078D05A1}
		{A085CAFD-F060-421D-8895-6EA9CEB3C984} = {213267CE-19CA-4786-AD95-2B4F078D05A1}
	EndGlobalSection
EndGlobal
